
Microsoft Visual Studio Solution File, Format Version 12.00
# Visual Studio 2012
Project("{FAE04EC0-301F-11D3-BF4B-00C04F79EFBC}") = "ConsoleApplication6", "ConsoleApplication6\ConsoleApplication6.csproj", "{CCB4CAFC-601C-4F92-A085-C216FF4D8558}"
EndProject
Global
	GlobalSection(SolutionConfigurationPlatforms) = preSolution
		Debug|Any CPU = Debug|Any CPU
		Release|Any CPU = Release|Any CPU
	EndGlobalSection
	GlobalSection(ProjectConfigurationPlatforms) = postSolution
		{CCB4CAFC-601C-4F92-A085-C216FF4D8558}.Debug|Any CPU.ActiveCfg = Debug|Any CPU
		{CCB4CAFC-601C-4F92-A085-C216FF4D8558}.Debug|Any CPU.Build.0 = Debug|Any CPU
		{CCB4CAFC-601C-4F92-A085-C216FF4D8558}.Release|Any CPU.ActiveCfg = Release|Any CPU
		{CCB4CAFC-601C-4F92-A085-C216FF4D8558}.Release|Any CPU.Build.0 = Release|Any CPU
	EndGlobalSection
	GlobalSection(SolutionProperties) = preSolution
		HideSolutionNode = FALSE
	EndGlobalSection
EndGlobal
